
Microsoft Visual Studio Solution File, Format Version 12.00
# Visual Studio Version 17
VisualStudioVersion = 17.10.34928.147
MinimumVisualStudioVersion = 10.0.40219.1
Project("{FAE04EC0-301F-11D3-BF4B-00C04F79EFBC}") = "Calculadora estadística", "Calculadora estadística.csproj", "{EDE184B4-485C-435D-88F7-59F3D9B2C676}"
EndProject
Global
	GlobalSection(SolutionConfigurationPlatforms) = preSolution
		Debug|Any CPU = Debug|Any CPU
		Release|Any CPU = Release|Any CPU
	EndGlobalSection
	GlobalSection(ProjectConfigurationPlatforms) = postSolution
		{EDE184B4-485C-435D-88F7-59F3D9B2C676}.Debug|Any CPU.ActiveCfg = Debug|Any CPU
		{EDE184B4-485C-435D-88F7-59F3D9B2C676}.Debug|Any CPU.Build.0 = Debug|Any CPU
		{EDE184B4-485C-435D-88F7-59F3D9B2C676}.Release|Any CPU.ActiveCfg = Release|Any CPU
		{EDE184B4-485C-435D-88F7-59F3D9B2C676}.Release|Any CPU.Build.0 = Release|Any CPU
	EndGlobalSection
	GlobalSection(SolutionProperties) = preSolution
		HideSolutionNode = FALSE
	EndGlobalSection
	GlobalSection(ExtensibilityGlobals) = postSolution
		SolutionGuid = {7C96DD35-AAC7-4CBE-BB88-9DCC9481DB87}
	EndGlobalSection
EndGlobal
